// !$*UTF8*$!
{
	archiveVersion = 1;
	classes = {
	};
	objectVersion = 46;
	objects = {

/* Begin PBXBuildFile section */
		B3EE99A9227FD80900767CDC /* AppDelegate.swift in Sources */ = {isa = PBXBuildFile; fileRef = B3EE99A8227FD80900767CDC /* AppDelegate.swift */; };
		B3EE99AB227FD80900767CDC /* ViewController.swift in Sources */ = {isa = PBXBuildFile; fileRef = B3EE99AA227FD80900767CDC /* ViewController.swift */; };
		B3EE99AE227FD80900767CDC /* Main.storyboard in Resources */ = {isa = PBXBuildFile; fileRef = B3EE99AC227FD80900767CDC /* Main.storyboard */; };
		B3EE99B0227FD80900767CDC /* Assets.xcassets in Resources */ = {isa = PBXBuildFile; fileRef = B3EE99AF227FD80900767CDC /* Assets.xcassets */; };
		B3EE99B3227FD80900767CDC /* LaunchScreen.storyboard in Resources */ = {isa = PBXBuildFile; fileRef = B3EE99B1227FD80900767CDC /* LaunchScreen.storyboard */; };
/* End PBXBuildFile section */

/* Begin PBXFileReference section */
		B3EE99A5227FD80900767CDC /* Calculator_3.app */ = {isa = PBXFileReference; explicitFileType = wrapper.application; includeInIndex = 0; path = Calculator_3.app; sourceTree = BUILT_PRODUCTS_DIR; };
		B3EE99A8227FD80900767CDC /* AppDelegate.swift */ = {isa = PBXFileReference; lastKnownFileType = sourcecode.swift; path = AppDelegate.swift; sourceTree = "<group>"; };
		B3EE99AA227FD80900767CDC /* ViewController.swift */ = {isa = PBXFileReference; lastKnownFileType = sourcecode.swift; path = ViewController.swift; sourceTree = "<group>"; };
		B3EE99AD227FD80900767CDC /* Base */ = {isa = PBXFileReference; lastKnownFileType = file.storyboard; name = Base; path = Base.lproj/Main.storyboard; sourceTree = "<group>"; };
		B3EE99AF227FD80900767CDC /* Assets.xcassets */ = {isa = PBXFileReference; lastKnownFileType = folder.assetcatalog; path = Assets.xcassets; sourceTree = "<group>"; };
		B3EE99B2227FD80900767CDC /* Base */ = {isa = PBXFileReference; lastKnownFileType = file.storyboard; name = Base; path = Base.lproj/LaunchScreen.storyboard; sourceTree = "<group>"; };
		B3EE99B4227FD80900767CDC /* Info.plist */ = {isa = PBXFileReference; lastKnownFileType = text.plist.xml; path = Info.plist; sourceTree = "<group>"; };
/* End PBXFileReference section */

/* Begin PBXFrameworksBuildPhase section */
		B3EE99A2227FD80900767CDC /* Frameworks */ = {
			isa = PBXFrameworksBuildPhase;
			buildActionMask = 2147483647;
			files = (
			);
			runOnlyForDeploymentPostprocessing = 0;
		};
/* End PBXFrameworksBuildPhase section */

/* Begin PBXGroup section */
		B3EE999C227FD80900767CDC = {
			isa = PBXGroup;
			children = (
				B3EE99A7227FD80900767CDC /* Calculator_3 */,
				B3EE99A6227FD80900767CDC /* Products */,
			);
			sourceTree = "<group>";
		};
		B3EE99A6227FD80900767CDC /* Products */ = {
			isa = PBXGroup;
			children = (
				B3EE99A5227FD80900767CDC /* Calculator_3.app */,
			);
			name = Products;
			sourceTree = "<group>";
		};
		B3EE99A7227FD80900767CDC /* Calculator_3 */ = {
			isa = PBXGroup;
			children = (
				B3EE99A8227FD80900767CDC /* AppDelegate.swift */,
				B3EE99AA227FD80900767CDC /* ViewController.swift */,
				B3EE99AC227FD80900767CDC /* Main.storyboard */,
				B3EE99AF227FD80900767CDC /* Assets.xcassets */,
				B3EE99B1227FD80900767CDC /* LaunchScreen.storyboard */,
				B3EE99B4227FD80900767CDC /* Info.plist */,
			);
			path = Calculator_3;
			sourceTree = "<group>";
		};
/* End PBXGroup section */

/* Begin PBXNativeTarget section */
		B3EE99A4227FD80900767CDC /* Calculator_3 */ = {
			isa = PBXNativeTarget;
			buildConfigurationList = B3EE99B7227FD80900767CDC /* Build configuration list for PBXNativeTarget "Calculator_3" */;
			buildPhases = (
				B3EE99A1227FD80900767CDC /* Sources */,
				B3EE99A2227FD80900767CDC /* Frameworks */,
				B3EE99A3227FD80900767CDC /* Resources */,
			);
			buildRules = (
			);
			dependencies = (
			);
			name = Calculator_3;
			productName = Calculator_3;
			productReference = B3EE99A5227FD80900767CDC /* Calculator_3.app */;
			productType = "com.apple.product-type.application";
		};
/* End PBXNativeTarget section */

/* Begin PBXProject section */
		B3EE999D227FD80900767CDC /* Project object */ = {
			isa = PBXProject;
			attributes = {
				LastSwiftUpdateCheck = 0820;
				LastUpgradeCheck = 0820;
				ORGANIZATIONNAME = "Antokhin Aleksey";
				TargetAttributes = {
					B3EE99A4227FD80900767CDC = {
						CreatedOnToolsVersion = 8.2.1;
						DevelopmentTeam = XAUHWTT6C9;
						ProvisioningStyle = Automatic;
					};
				};
			};
			buildConfigurationList = B3EE99A0227FD80900767CDC /* Build configuration list for PBXProject "Calculator_3" */;
			compatibilityVersion = "Xcode 3.2";
			developmentRegion = English;
			hasScannedForEncodings = 0;
			knownRegions = (
				en,
				Base,
			);
			mainGroup = B3EE999C227FD80900767CDC;
			productRefGroup = B3EE99A6227FD80900767CDC /* Products */;
			projectDirPath = "";
			projectRoot = "";
			targets = (
				B3EE99A4227FD80900767CDC /* Calculator_3 */,
			);
		};
/* End PBXProject section */

/* Begin PBXResourcesBuildPhase section */
		B3EE99A3227FD80900767CDC /* Resources */ = {
			isa = PBXResourcesBuildPhase;
			buildActionMask = 2147483647;
			files = (
				B3EE99B3227FD80900767CDC /* LaunchScreen.storyboard in Resources */,
				B3EE99B0227FD80900767CDC /* Assets.xcassets in Resources */,
				B3EE99AE227FD80900767CDC /* Main.storyboard in Resources */,
			);
			runOnlyForDeploymentPostprocessing = 0;
		};
/* End PBXResourcesBuildPhase section */

/* Begin PBXSourcesBuildPhase section */
		B3EE99A1227FD80900767CDC /* Sources */ = {
			isa = PBXSourcesBuildPhase;
			buildActionMask = 2147483647;
			files = (
				B3EE99AB227FD80900767CDC /* ViewController.swift in Sources */,
				B3EE99A9227FD80900767CDC /* AppDelegate.swift in Sources */,
			);
			runOnlyForDeploymentPostprocessing = 0;
		};
/* End PBXSourcesBuildPhase section */

/* Begin PBXVariantGroup section */
		B3EE99AC227FD80900767CDC /* Main.storyboard */ = {
			isa = PBXVariantGroup;
			children = (
				B3EE99AD227FD80900767CDC /* Base */,
			);
			name = Main.storyboard;
			sourceTree = "<group>";
		};
		B3EE99B1227FD80900767CDC /* LaunchScreen.storyboard */ = {
			isa = PBXVariantGroup;
			children = (
				B3EE99B2227FD80900767CDC /* Base */,
			);
			name = LaunchScreen.storyboard;
			sourceTree = "<group>";
		};
/* End PBXVariantGroup section */

/* Begin XCBuildConfiguration section */
		B3EE99B5227FD80900767CDC /* Debug */ = {
			isa = XCBuildConfiguration;
			buildSettings = {
				ALWAYS_SEARCH_USER_PATHS = NO;
				CLANG_ANALYZER_NONNULL = YES;
				CLANG_CXX_LANGUAGE_STANDARD = "gnu++0x";
				CLANG_CXX_LIBRARY = "libc++";
				CLANG_ENABLE_MODULES = YES;
				CLANG_ENABLE_OBJC_ARC = YES;
				CLANG_WARN_BOOL_CONVERSION = YES;
				CLANG_WARN_CONSTANT_CONVERSION = YES;
				CLANG_WARN_DIRECT_OBJC_ISA_USAGE = YES_ERROR;
				CLANG_WARN_DOCUMENTATION_COMMENTS = YES;
				CLANG_WARN_EMPTY_BODY = YES;
				CLANG_WARN_ENUM_CONVERSION = YES;
				CLANG_WARN_INFINITE_RECURSION = YES;
				CLANG_WARN_INT_CONVERSION = YES;
				CLANG_WARN_OBJC_ROOT_CLASS = YES_ERROR;
				CLANG_WARN_SUSPICIOUS_MOVE = YES;
				CLANG_WARN_UNREACHABLE_CODE = YES;
				CLANG_WARN__DUPLICATE_METHOD_MATCH = YES;
				"CODE_SIGN_IDENTITY[sdk=iphoneos*]" = "iPhone Developer";
				COPY_PHASE_STRIP = NO;
				DEBUG_INFORMATION_FORMAT = dwarf;
				ENABLE_STRICT_OBJC_MSGSEND = YES;
				ENABLE_TESTABILITY = YES;
				GCC_C_LANGUAGE_STANDARD = gnu99;
				GCC_DYNAMIC_NO_PIC = NO;
				GCC_NO_COMMON_BLOCKS = YES;
				GCC_OPTIMIZATION_LEVEL = 0;
				GCC_PREPROCESSOR_DEFINITIONS = (
					"DEBUG=1",
					"$(inherited)",
				);
				GCC_WARN_64_TO_32_BIT_CONVERSION = YES;
				GCC_WARN_ABOUT_RETURN_TYPE = YES_ERROR;
				GCC_WARN_UNDECLARED_SELECTOR = YES;
				GCC_WARN_UNINITIALIZED_AUTOS = YES_AGGRESSIVE;
				GCC_WARN_UNUSED_FUNCTION = YES;
				GCC_WARN_UNUSED_VARIABLE = YES;
				IPHONEOS_DEPLOYMENT_TARGET = 10.2;
				MTL_ENABLE_DEBUG_INFO = YES;
				ONLY_ACTIVE_ARCH = YES;
				SDKROOT = iphoneos;
				SWIFT_ACTIVE_COMPILATION_CONDITIONS = DEBUG;
				SWIFT_OPTIMIZATION_LEVEL = "-Onone";
			};
			name = Debug;
		};
		B3EE99B6227FD80900767CDC /* Release */ = {
			isa = XCBuildConfiguration;
			buildSettings = {
				ALWAYS_SEARCH_USER_PATHS = NO;
				CLANG_ANALYZER_NONNULL = YES;
				CLANG_CXX_LANGUAGE_STANDARD = "gnu++0x";
				CLANG_CXX_LIBRARY = "libc++";
				CLANG_ENABLE_MODULES = YES;
				CLANG_ENABLE_OBJC_ARC = YES;
				CLANG_WARN_BOOL_CONVERSION = YES;
				CLANG_WARN_CONSTANT_CONVERSION = YES;
				CLANG_WARN_DIRECT_OBJC_ISA_USAGE = YES_ERROR;
				CLANG_WARN_DOCUMENTATION_COMMENTS = YES;
				CLANG_WARN_EMPTY_BODY = YES;
				CLANG_WARN_ENUM_CONVERSION = YES;
				CLANG_WARN_INFINITE_RECURSION = YES;
				CLANG_WARN_INT_CONVERSION = YES;
				CLANG_WARN_OBJC_ROOT_CLASS = YES_ERROR;
				CLANG_WARN_SUSPICIOUS_MOVE = YES;
				CLANG_WARN_UNREACHABLE_CODE = YES;
				CLANG_WARN__DUPLICATE_METHOD_MATCH = YES;
				"CODE_SIGN_IDENTITY[sdk=iphoneos*]" = "iPhone Developer";
				COPY_PHASE_STRIP = NO;
				DEBUG_INFORMATION_FORMAT = "dwarf-with-dsym";
				ENABLE_NS_ASSERTIONS = NO;
				ENABLE_STRICT_OBJC_MSGSEND = YES;
				GCC_C_LANGUAGE_STANDARD = gnu99;
				GCC_NO_COMMON_BLOCKS = YES;
				GCC_WARN_64_TO_32_BIT_CONVERSION = YES;
				GCC_WARN_ABOUT_RETURN_TYPE = YES_ERROR;
				GCC_WARN_UNDECLARED_SELECTOR = YES;
				GCC_WARN_UNINITIALIZED_AUTOS = YES_AGGRESSIVE;
				GCC_WARN_UNUSED_FUNCTION = YES;
				GCC_WARN_UNUSED_VARIABLE = YES;
				IPHONEOS_DEPLOYMENT_TARGET = 10.2;
				MTL_ENABLE_DEBUG_INFO = NO;
				SDKROOT = iphoneos;
				SWIFT_OPTIMIZATION_LEVEL = "-Owholemodule";
				VALIDATE_PRODUCT = YES;
			};
			name = Release;
		};
		B3EE99B8227FD80900767CDC /* Debug */ = {
			isa = XCBuildConfiguration;
			buildSettings = {
				ASSETCATALOG_COMPILER_APPICON_NAME = AppIcon;
				DEVELOPMENT_TEAM = XAUHWTT6C9;
				INFOPLIST_FILE = Calculator_3/Info.plist;
				LD_RUNPATH_SEARCH_PATHS = "$(inherited) @executable_path/Frameworks";
				PRODUCT_BUNDLE_IDENTIFIER = "Antokhin-Aleksey.Calculator-3";
				PRODUCT_NAME = "$(TARGET_NAME)";
				SWIFT_VERSION = 3.0;
			};
			name = Debug;
		};
		B3EE99B9227FD80900767CDC /* Release */ = {
			isa = XCBuildConfiguration;
			buildSettings = {
				ASSETCATALOG_COMPILER_APPICON_NAME = AppIcon;
				DEVELOPMENT_TEAM = XAUHWTT6C9;
				INFOPLIST_FILE = Calculator_3/Info.plist;
				LD_RUNPATH_SEARCH_PATHS = "$(inherited) @executable_path/Frameworks";
				PRODUCT_BUNDLE_IDENTIFIER = "Antokhin-Aleksey.Calculator-3";
				PRODUCT_NAME = "$(TARGET_NAME)";
				SWIFT_VERSION = 3.0;
			};
			name = Release;
		};
/* End XCBuildConfiguration section */

/* Begin XCConfigurationList section */
		B3EE99A0227FD80900767CDC /* Build configuration list for PBXProject "Calculator_3" */ = {
			isa = XCConfigurationList;
			buildConfigurations = (
				B3EE99B5227FD80900767CDC /* Debug */,
				B3EE99B6227FD80900767CDC /* Release */,
			);
			defaultConfigurationIsVisible = 0;
			defaultConfigurationName = Release;
		};
		B3EE99B7227FD80900767CDC /* Build configuration list for PBXNativeTarget "Calculator_3" */ = {
			isa = XCConfigurationList;
			buildConfigurations = (
				B3EE99B8227FD80900767CDC /* Debug */,
				B3EE99B9227FD80900767CDC /* Release */,
			);
			defaultConfigurationIsVisible = 0;
		};
/* End XCConfigurationList section */
	};
	rootObject = B3EE999D227FD80900767CDC /* Project object */;
}
